
Microsoft Visual Studio Solution File, Format Version 12.00
# Visual Studio 15
VisualStudioVersion = 15.0.28307.421
MinimumVisualStudioVersion = 10.0.40219.1
Project("{2150E333-8FDC-42A3-9474-1A3956D46DE8}") = "plugin", "plugin", "{A77947C7-CE7B-4BC1-9788-5A1A2328A17A}"
EndProject
Project("{FAE04EC0-301F-11D3-BF4B-00C04F79EFBC}") = "neo-gui_pluginframework", "neo-gui_pluginframework\neo-gui_pluginframework.csproj", "{F3166EDF-72D3-4301-947F-F66C211AC2FB}"
EndProject
Project("{FAE04EC0-301F-11D3-BF4B-00C04F79EFBC}") = "plugin_template", "plugin_template\plugin_template.csproj", "{9C40BD04-3CC1-4157-B217-3151441262A9}"
EndProject
Project("{FAE04EC0-301F-11D3-BF4B-00C04F79EFBC}") = "plugin_trinity", "plugin_trinity\plugin_trinity.csproj", "{BEDDCC14-F58F-4FC0-B33D-4EA7B3F17584}"
EndProject
Project("{FAE04EC0-301F-11D3-BF4B-00C04F79EFBC}") = "cs-trinity", "cs-trinity\cs-trinity.csproj", "{4FBC62ED-FE13-4FE5-B1B1-1048AB4978DF}"
EndProject
Global
	GlobalSection(SolutionConfigurationPlatforms) = preSolution
		Debug|Any CPU = Debug|Any CPU
		Release|Any CPU = Release|Any CPU
	EndGlobalSection
	GlobalSection(ProjectConfigurationPlatforms) = postSolution
		{F3166EDF-72D3-4301-947F-F66C211AC2FB}.Debug|Any CPU.ActiveCfg = Debug|Any CPU
		{F3166EDF-72D3-4301-947F-F66C211AC2FB}.Debug|Any CPU.Build.0 = Debug|Any CPU
		{F3166EDF-72D3-4301-947F-F66C211AC2FB}.Release|Any CPU.ActiveCfg = Release|Any CPU
		{F3166EDF-72D3-4301-947F-F66C211AC2FB}.Release|Any CPU.Build.0 = Release|Any CPU
		{9C40BD04-3CC1-4157-B217-3151441262A9}.Debug|Any CPU.ActiveCfg = Debug|Any CPU
		{9C40BD04-3CC1-4157-B217-3151441262A9}.Debug|Any CPU.Build.0 = Debug|Any CPU
		{9C40BD04-3CC1-4157-B217-3151441262A9}.Release|Any CPU.ActiveCfg = Release|Any CPU
		{9C40BD04-3CC1-4157-B217-3151441262A9}.Release|Any CPU.Build.0 = Release|Any CPU
		{BEDDCC14-F58F-4FC0-B33D-4EA7B3F17584}.Debug|Any CPU.ActiveCfg = Debug|Any CPU
		{BEDDCC14-F58F-4FC0-B33D-4EA7B3F17584}.Debug|Any CPU.Build.0 = Debug|Any CPU
		{BEDDCC14-F58F-4FC0-B33D-4EA7B3F17584}.Release|Any CPU.ActiveCfg = Release|Any CPU
		{BEDDCC14-F58F-4FC0-B33D-4EA7B3F17584}.Release|Any CPU.Build.0 = Release|Any CPU
		{4FBC62ED-FE13-4FE5-B1B1-1048AB4978DF}.Debug|Any CPU.ActiveCfg = Debug|Any CPU
		{4FBC62ED-FE13-4FE5-B1B1-1048AB4978DF}.Debug|Any CPU.Build.0 = Debug|Any CPU
		{4FBC62ED-FE13-4FE5-B1B1-1048AB4978DF}.Release|Any CPU.ActiveCfg = Release|Any CPU
		{4FBC62ED-FE13-4FE5-B1B1-1048AB4978DF}.Release|Any CPU.Build.0 = Release|Any CPU
	EndGlobalSection
	GlobalSection(SolutionProperties) = preSolution
		HideSolutionNode = FALSE
	EndGlobalSection
	GlobalSection(NestedProjects) = preSolution
		{F3166EDF-72D3-4301-947F-F66C211AC2FB} = {A77947C7-CE7B-4BC1-9788-5A1A2328A17A}
		{9C40BD04-3CC1-4157-B217-3151441262A9} = {A77947C7-CE7B-4BC1-9788-5A1A2328A17A}
		{BEDDCC14-F58F-4FC0-B33D-4EA7B3F17584} = {A77947C7-CE7B-4BC1-9788-5A1A2328A17A}
	EndGlobalSection
	GlobalSection(ExtensibilityGlobals) = postSolution
		SolutionGuid = {F940D9DD-5EA3-48DB-837A-3A8007CB69BD}
	EndGlobalSection
EndGlobal
