
Microsoft Visual Studio Solution File, Format Version 12.00
# Visual Studio Version 16
VisualStudioVersion = 16.0.28803.202
MinimumVisualStudioVersion = 10.0.40219.1
Project("{FAE04EC0-301F-11D3-BF4B-00C04F79EFBC}") = "neo-gui", "neo-gui\neo-gui.csproj", "{CFC243F0-F4E3-4754-8E21-8BA17E1C1788}"
	ProjectSection(ProjectDependencies) = postProject
		{BEDDCC14-F58F-4FC0-B33D-4EA7B3F17584} = {BEDDCC14-F58F-4FC0-B33D-4EA7B3F17584}
		{F3166EDF-72D3-4301-947F-F66C211AC2FB} = {F3166EDF-72D3-4301-947F-F66C211AC2FB}
	EndProjectSection
EndProject
Project("{FAE04EC0-301F-11D3-BF4B-00C04F79EFBC}") = "plugin_trinity", "plugin_trinity\plugin_trinity.csproj", "{BEDDCC14-F58F-4FC0-B33D-4EA7B3F17584}"
	ProjectSection(ProjectDependencies) = postProject
		{F3166EDF-72D3-4301-947F-F66C211AC2FB} = {F3166EDF-72D3-4301-947F-F66C211AC2FB}
	EndProjectSection
EndProject
Project("{FAE04EC0-301F-11D3-BF4B-00C04F79EFBC}") = "neo-gui_pluginframework", "neo-gui_pluginframework\neo-gui_pluginframework.csproj", "{F3166EDF-72D3-4301-947F-F66C211AC2FB}"
EndProject
Project("{FAE04EC0-301F-11D3-BF4B-00C04F79EFBC}") = "cs-trinity", "..\cs-trinity\cs-trinity\cs-trinity.csproj", "{4FBC62ED-FE13-4FE5-B1B1-1048AB4978DF}"
EndProject
Project("{FAE04EC0-301F-11D3-BF4B-00C04F79EFBC}") = "cs-trinity-test", "..\cs-trinity\cs-trinity-test\cs-trinity-test.csproj", "{D3F17290-6310-4D27-B48B-7E6346CB98DE}"
EndProject
Global
	GlobalSection(SolutionConfigurationPlatforms) = preSolution
		Debug|Any CPU = Debug|Any CPU
		Release|Any CPU = Release|Any CPU
	EndGlobalSection
	GlobalSection(ProjectConfigurationPlatforms) = postSolution
		{CFC243F0-F4E3-4754-8E21-8BA17E1C1788}.Debug|Any CPU.ActiveCfg = Debug|Any CPU
		{CFC243F0-F4E3-4754-8E21-8BA17E1C1788}.Debug|Any CPU.Build.0 = Debug|Any CPU
		{CFC243F0-F4E3-4754-8E21-8BA17E1C1788}.Release|Any CPU.ActiveCfg = Release|Any CPU
		{CFC243F0-F4E3-4754-8E21-8BA17E1C1788}.Release|Any CPU.Build.0 = Release|Any CPU
		{BEDDCC14-F58F-4FC0-B33D-4EA7B3F17584}.Debug|Any CPU.ActiveCfg = Debug|Any CPU
		{BEDDCC14-F58F-4FC0-B33D-4EA7B3F17584}.Debug|Any CPU.Build.0 = Debug|Any CPU
		{BEDDCC14-F58F-4FC0-B33D-4EA7B3F17584}.Release|Any CPU.ActiveCfg = Release|Any CPU
		{BEDDCC14-F58F-4FC0-B33D-4EA7B3F17584}.Release|Any CPU.Build.0 = Release|Any CPU
		{F3166EDF-72D3-4301-947F-F66C211AC2FB}.Debug|Any CPU.ActiveCfg = Debug|Any CPU
		{F3166EDF-72D3-4301-947F-F66C211AC2FB}.Debug|Any CPU.Build.0 = Debug|Any CPU
		{F3166EDF-72D3-4301-947F-F66C211AC2FB}.Release|Any CPU.ActiveCfg = Release|Any CPU
		{F3166EDF-72D3-4301-947F-F66C211AC2FB}.Release|Any CPU.Build.0 = Release|Any CPU
		{4FBC62ED-FE13-4FE5-B1B1-1048AB4978DF}.Debug|Any CPU.ActiveCfg = Debug|Any CPU
		{4FBC62ED-FE13-4FE5-B1B1-1048AB4978DF}.Debug|Any CPU.Build.0 = Debug|Any CPU
		{4FBC62ED-FE13-4FE5-B1B1-1048AB4978DF}.Release|Any CPU.ActiveCfg = Release|Any CPU
		{4FBC62ED-FE13-4FE5-B1B1-1048AB4978DF}.Release|Any CPU.Build.0 = Release|Any CPU
		{D3F17290-6310-4D27-B48B-7E6346CB98DE}.Debug|Any CPU.ActiveCfg = Debug|Any CPU
		{D3F17290-6310-4D27-B48B-7E6346CB98DE}.Debug|Any CPU.Build.0 = Debug|Any CPU
		{D3F17290-6310-4D27-B48B-7E6346CB98DE}.Release|Any CPU.ActiveCfg = Release|Any CPU
		{D3F17290-6310-4D27-B48B-7E6346CB98DE}.Release|Any CPU.Build.0 = Release|Any CPU
	EndGlobalSection
	GlobalSection(SolutionProperties) = preSolution
		HideSolutionNode = FALSE
	EndGlobalSection
	GlobalSection(ExtensibilityGlobals) = postSolution
		SolutionGuid = {24E208AA-B688-4AAC-A983-F81694EE67B4}
	EndGlobalSection
EndGlobal
